// !$*UTF8*$!
{
	archiveVersion = 1;
	classes = {
	};
	objectVersion = 56;
	objects = {

/* Begin PBXBuildFile section */
		FE0316122C53CC5E0090ADFA /* README.md in Resources */ = {isa = PBXBuildFile; fileRef = FE0316112C53CC5E0090ADFA /* README.md */; };
		FE1D2F212C5160970085E063 /* .gitignore in Resources */ = {isa = PBXBuildFile; fileRef = FE1D2F202C5160970085E063 /* .gitignore */; };
		FE1D2F242C5161540085E063 /* Constants.swift in Sources */ = {isa = PBXBuildFile; fileRef = FE1D2F232C5161540085E063 /* Constants.swift */; };
		FE1D2F262C5161F40085E063 /* HTTPClient.swift in Sources */ = {isa = PBXBuildFile; fileRef = FE1D2F252C5161F40085E063 /* HTTPClient.swift */; };
		FE1D2F282C5174110085E063 /* Poems.swift in Sources */ = {isa = PBXBuildFile; fileRef = FE1D2F272C5174110085E063 /* Poems.swift */; };
		FE1D2F2C2C517ED30085E063 /* URL+Extensions.swift in Sources */ = {isa = PBXBuildFile; fileRef = FE1D2F2B2C517ED30085E063 /* URL+Extensions.swift */; };
		FE215FB72C3065F400E93D07 /* SimpleBtn.swift in Sources */ = {isa = PBXBuildFile; fileRef = FE215FB62C3065F400E93D07 /* SimpleBtn.swift */; };
		FE63D0EC2C2D75D2005448CF /* Coordinator.swift in Sources */ = {isa = PBXBuildFile; fileRef = FE63D0EB2C2D75D2005448CF /* Coordinator.swift */; };
		FE63D0EE2C2D7980005448CF /* LibraryView.swift in Sources */ = {isa = PBXBuildFile; fileRef = FE63D0ED2C2D7980005448CF /* LibraryView.swift */; };
		FE6F22E62C297B9100638FE2 /* HomeViewAdapter.swift in Sources */ = {isa = PBXBuildFile; fileRef = FE6F22E42C297B9100638FE2 /* HomeViewAdapter.swift */; };
		FE6F22E72C297B9100638FE2 /* AuthViewAdapter.swift in Sources */ = {isa = PBXBuildFile; fileRef = FE6F22E52C297B9100638FE2 /* AuthViewAdapter.swift */; };
		FE6F22EE2C297BCD00638FE2 /* SplitValues.swift in Sources */ = {isa = PBXBuildFile; fileRef = FE6F22E82C297BCD00638FE2 /* SplitValues.swift */; };
		FE6F22EF2C297BCD00638FE2 /* SystemIcons.swift in Sources */ = {isa = PBXBuildFile; fileRef = FE6F22E92C297BCD00638FE2 /* SystemIcons.swift */; };
		FE6F22F02C297BCD00638FE2 /* TextState.swift in Sources */ = {isa = PBXBuildFile; fileRef = FE6F22EA2C297BCD00638FE2 /* TextState.swift */; };
		FE6F22F12C297BCD00638FE2 /* ReaderVelocity.swift in Sources */ = {isa = PBXBuildFile; fileRef = FE6F22EB2C297BCD00638FE2 /* ReaderVelocity.swift */; };
		FE6F22F22C297BCD00638FE2 /* GridItemState.swift in Sources */ = {isa = PBXBuildFile; fileRef = FE6F22EC2C297BCD00638FE2 /* GridItemState.swift */; };
		FE6F22F32C297BCD00638FE2 /* PoemTexts.swift in Sources */ = {isa = PBXBuildFile; fileRef = FE6F22ED2C297BCD00638FE2 /* PoemTexts.swift */; };
		FE6F22F72C297C1900638FE2 /* CurrentIndex.swift in Sources */ = {isa = PBXBuildFile; fileRef = FE6F22F62C297C1900638FE2 /* CurrentIndex.swift */; };
		FE6F230A2C297C5800638FE2 /* Theme.swift in Sources */ = {isa = PBXBuildFile; fileRef = FE6F23082C297C5800638FE2 /* Theme.swift */; };
		FE6F230B2C297C5800638FE2 /* GridPoints.swift in Sources */ = {isa = PBXBuildFile; fileRef = FE6F23092C297C5800638FE2 /* GridPoints.swift */; };
		FE6F230E2C297C7300638FE2 /* Array.swift in Sources */ = {isa = PBXBuildFile; fileRef = FE6F230D2C297C7300638FE2 /* Array.swift */; };
		FE6F23102C297CAD00638FE2 /* HomeView.swift in Sources */ = {isa = PBXBuildFile; fileRef = FE6F230F2C297CAD00638FE2 /* HomeView.swift */; };
		FE6F23132C297D0C00638FE2 /* SideMenuView.swift in Sources */ = {isa = PBXBuildFile; fileRef = FE6F23122C297D0C00638FE2 /* SideMenuView.swift */; };
		FE6F23182C297D3900638FE2 /* CardStyling.swift in Sources */ = {isa = PBXBuildFile; fileRef = FE6F23152C297D3900638FE2 /* CardStyling.swift */; };
		FE6F23192C297D3900638FE2 /* TextFeildStyling.swift in Sources */ = {isa = PBXBuildFile; fileRef = FE6F23162C297D3900638FE2 /* TextFeildStyling.swift */; };
		FE6F231A2C297D3900638FE2 /* BtnSectionStyling.swift in Sources */ = {isa = PBXBuildFile; fileRef = FE6F23172C297D3900638FE2 /* BtnSectionStyling.swift */; };
		FE6F23262C297DA600638FE2 /* GridItem.swift in Sources */ = {isa = PBXBuildFile; fileRef = FE6F231E2C297DA600638FE2 /* GridItem.swift */; };
		FE6F23272C297DA600638FE2 /* ProcentageStack.swift in Sources */ = {isa = PBXBuildFile; fileRef = FE6F231F2C297DA600638FE2 /* ProcentageStack.swift */; };
		FE6F23282C297DA600638FE2 /* BtnSection.swift in Sources */ = {isa = PBXBuildFile; fileRef = FE6F23202C297DA600638FE2 /* BtnSection.swift */; };
		FE6F23292C297DA600638FE2 /* GridView.swift in Sources */ = {isa = PBXBuildFile; fileRef = FE6F23212C297DA600638FE2 /* GridView.swift */; };
		FE6F232B2C297DA600638FE2 /* UserTextArea.swift in Sources */ = {isa = PBXBuildFile; fileRef = FE6F23232C297DA600638FE2 /* UserTextArea.swift */; };
		FE6F232C2C297DA600638FE2 /* CircleBtn.swift in Sources */ = {isa = PBXBuildFile; fileRef = FE6F23242C297DA600638FE2 /* CircleBtn.swift */; };
		FE6F232D2C297DA600638FE2 /* Icons.swift in Sources */ = {isa = PBXBuildFile; fileRef = FE6F23252C297DA600638FE2 /* Icons.swift */; };
		FE6F23312C297DEC00638FE2 /* EmailView.swift in Sources */ = {isa = PBXBuildFile; fileRef = FE6F232F2C297DEC00638FE2 /* EmailView.swift */; };
		FE6F23322C297DEC00638FE2 /* PasswordView.swift in Sources */ = {isa = PBXBuildFile; fileRef = FE6F23302C297DEC00638FE2 /* PasswordView.swift */; };
		FE6F23372C297E0E00638FE2 /* FlipBackBtn.swift in Sources */ = {isa = PBXBuildFile; fileRef = FE6F23342C297E0E00638FE2 /* FlipBackBtn.swift */; };
		FE6F23382C297E0E00638FE2 /* UnSelectBtn.swift in Sources */ = {isa = PBXBuildFile; fileRef = FE6F23352C297E0E00638FE2 /* UnSelectBtn.swift */; };
		FE6F23392C297E0E00638FE2 /* FlipBtn.swift in Sources */ = {isa = PBXBuildFile; fileRef = FE6F23362C297E0E00638FE2 /* FlipBtn.swift */; };
		FE6F233D2C2982FC00638FE2 /* LoginView.swift in Sources */ = {isa = PBXBuildFile; fileRef = FE6F233B2C2982FC00638FE2 /* LoginView.swift */; };
		FE6F233E2C2982FC00638FE2 /* RegisterView.swift in Sources */ = {isa = PBXBuildFile; fileRef = FE6F233C2C2982FC00638FE2 /* RegisterView.swift */; };
		FE6F23402C29891B00638FE2 /* GoogleService-Info.plist in Resources */ = {isa = PBXBuildFile; fileRef = FE6F233F2C29891B00638FE2 /* GoogleService-Info.plist */; };
		FE6F23432C2989C200638FE2 /* FirebaseAuth in Frameworks */ = {isa = PBXBuildFile; productRef = FE6F23422C2989C200638FE2 /* FirebaseAuth */; };
		FE6F23452C2989C200638FE2 /* FirebaseDatabase in Frameworks */ = {isa = PBXBuildFile; productRef = FE6F23442C2989C200638FE2 /* FirebaseDatabase */; };
		FE6F23472C2989C200638FE2 /* FirebaseDatabaseSwift in Frameworks */ = {isa = PBXBuildFile; productRef = FE6F23462C2989C200638FE2 /* FirebaseDatabaseSwift */; };
		FE6F23492C2989C200638FE2 /* FirebaseFirestoreSwift in Frameworks */ = {isa = PBXBuildFile; productRef = FE6F23482C2989C200638FE2 /* FirebaseFirestoreSwift */; };
		FE6F234B2C299A9600638FE2 /* UserData.swift in Sources */ = {isa = PBXBuildFile; fileRef = FE6F234A2C299A9600638FE2 /* UserData.swift */; };
		FE78F17D2C52651900B763E2 /* PoemsDao.swift in Sources */ = {isa = PBXBuildFile; fileRef = FE78F17C2C52651900B763E2 /* PoemsDao.swift */; };
		FE78F1802C526A1700B763E2 /* PoemsRepository.swift in Sources */ = {isa = PBXBuildFile; fileRef = FE78F17F2C526A1700B763E2 /* PoemsRepository.swift */; };
		FE7E91822C302A830020169A /* RotatedText.swift in Sources */ = {isa = PBXBuildFile; fileRef = FE7E91812C302A830020169A /* RotatedText.swift */; };
		FEDDF8982C2738030001ADD8 /* ReaderApp.swift in Sources */ = {isa = PBXBuildFile; fileRef = FEDDF8972C2738030001ADD8 /* ReaderApp.swift */; };
		FEDDF89C2C2738040001ADD8 /* Assets.xcassets in Resources */ = {isa = PBXBuildFile; fileRef = FEDDF89B2C2738040001ADD8 /* Assets.xcassets */; };
		FEDDF89F2C2738040001ADD8 /* Preview Assets.xcassets in Resources */ = {isa = PBXBuildFile; fileRef = FEDDF89E2C2738040001ADD8 /* Preview Assets.xcassets */; };
		FEDDF8A92C2738040001ADD8 /* ReaderAppTests.swift in Sources */ = {isa = PBXBuildFile; fileRef = FEDDF8A82C2738040001ADD8 /* ReaderAppTests.swift */; };
		FEDDF8B32C2738040001ADD8 /* ReaderAppUITests.swift in Sources */ = {isa = PBXBuildFile; fileRef = FEDDF8B22C2738040001ADD8 /* ReaderAppUITests.swift */; };
		FEDDF8B52C2738040001ADD8 /* ReaderAppUITestsLaunchTests.swift in Sources */ = {isa = PBXBuildFile; fileRef = FEDDF8B42C2738040001ADD8 /* ReaderAppUITestsLaunchTests.swift */; };
/* End PBXBuildFile section */

/* Begin PBXContainerItemProxy section */
		FEDDF8A52C2738040001ADD8 /* PBXContainerItemProxy */ = {
			isa = PBXContainerItemProxy;
			containerPortal = FEDDF88C2C2738030001ADD8 /* Project object */;
			proxyType = 1;
			remoteGlobalIDString = FEDDF8932C2738030001ADD8;
			remoteInfo = ReaderApp;
		};
		FEDDF8AF2C2738040001ADD8 /* PBXContainerItemProxy */ = {
			isa = PBXContainerItemProxy;
			containerPortal = FEDDF88C2C2738030001ADD8 /* Project object */;
			proxyType = 1;
			remoteGlobalIDString = FEDDF8932C2738030001ADD8;
			remoteInfo = ReaderApp;
		};
/* End PBXContainerItemProxy section */

/* Begin PBXFileReference section */
		FE0316112C53CC5E0090ADFA /* README.md */ = {isa = PBXFileReference; lastKnownFileType = net.daringfireball.markdown; path = README.md; sourceTree = "<group>"; };
		FE1D2F202C5160970085E063 /* .gitignore */ = {isa = PBXFileReference; lastKnownFileType = text; path = .gitignore; sourceTree = "<group>"; };
		FE1D2F232C5161540085E063 /* Constants.swift */ = {isa = PBXFileReference; lastKnownFileType = sourcecode.swift; path = Constants.swift; sourceTree = "<group>"; };
		FE1D2F252C5161F40085E063 /* HTTPClient.swift */ = {isa = PBXFileReference; lastKnownFileType = sourcecode.swift; path = HTTPClient.swift; sourceTree = "<group>"; };
		FE1D2F272C5174110085E063 /* Poems.swift */ = {isa = PBXFileReference; lastKnownFileType = sourcecode.swift; path = Poems.swift; sourceTree = "<group>"; };
		FE1D2F2B2C517ED30085E063 /* URL+Extensions.swift */ = {isa = PBXFileReference; lastKnownFileType = sourcecode.swift; path = "URL+Extensions.swift"; sourceTree = "<group>"; };
		FE215FB62C3065F400E93D07 /* SimpleBtn.swift */ = {isa = PBXFileReference; lastKnownFileType = sourcecode.swift; path = SimpleBtn.swift; sourceTree = "<group>"; };
		FE63D0EB2C2D75D2005448CF /* Coordinator.swift */ = {isa = PBXFileReference; lastKnownFileType = sourcecode.swift; path = Coordinator.swift; sourceTree = "<group>"; };
		FE63D0ED2C2D7980005448CF /* LibraryView.swift */ = {isa = PBXFileReference; lastKnownFileType = sourcecode.swift; path = LibraryView.swift; sourceTree = "<group>"; };
		FE6F22E42C297B9100638FE2 /* HomeViewAdapter.swift */ = {isa = PBXFileReference; fileEncoding = 4; lastKnownFileType = sourcecode.swift; path = HomeViewAdapter.swift; sourceTree = "<group>"; };
		FE6F22E52C297B9100638FE2 /* AuthViewAdapter.swift */ = {isa = PBXFileReference; fileEncoding = 4; lastKnownFileType = sourcecode.swift; path = AuthViewAdapter.swift; sourceTree = "<group>"; };
		FE6F22E82C297BCD00638FE2 /* SplitValues.swift */ = {isa = PBXFileReference; fileEncoding = 4; lastKnownFileType = sourcecode.swift; path = SplitValues.swift; sourceTree = "<group>"; };
		FE6F22E92C297BCD00638FE2 /* SystemIcons.swift */ = {isa = PBXFileReference; fileEncoding = 4; lastKnownFileType = sourcecode.swift; path = SystemIcons.swift; sourceTree = "<group>"; };
		FE6F22EA2C297BCD00638FE2 /* TextState.swift */ = {isa = PBXFileReference; fileEncoding = 4; lastKnownFileType = sourcecode.swift; path = TextState.swift; sourceTree = "<group>"; };
		FE6F22EB2C297BCD00638FE2 /* ReaderVelocity.swift */ = {isa = PBXFileReference; fileEncoding = 4; lastKnownFileType = sourcecode.swift; path = ReaderVelocity.swift; sourceTree = "<group>"; };
		FE6F22EC2C297BCD00638FE2 /* GridItemState.swift */ = {isa = PBXFileReference; fileEncoding = 4; lastKnownFileType = sourcecode.swift; path = GridItemState.swift; sourceTree = "<group>"; };
		FE6F22ED2C297BCD00638FE2 /* PoemTexts.swift */ = {isa = PBXFileReference; fileEncoding = 4; lastKnownFileType = sourcecode.swift; path = PoemTexts.swift; sourceTree = "<group>"; };
		FE6F22F62C297C1900638FE2 /* CurrentIndex.swift */ = {isa = PBXFileReference; fileEncoding = 4; lastKnownFileType = sourcecode.swift; path = CurrentIndex.swift; sourceTree = "<group>"; };
		FE6F23082C297C5800638FE2 /* Theme.swift */ = {isa = PBXFileReference; fileEncoding = 4; lastKnownFileType = sourcecode.swift; path = Theme.swift; sourceTree = "<group>"; };
		FE6F23092C297C5800638FE2 /* GridPoints.swift */ = {isa = PBXFileReference; fileEncoding = 4; lastKnownFileType = sourcecode.swift; path = GridPoints.swift; sourceTree = "<group>"; };
		FE6F230D2C297C7300638FE2 /* Array.swift */ = {isa = PBXFileReference; fileEncoding = 4; lastKnownFileType = sourcecode.swift; path = Array.swift; sourceTree = "<group>"; };
		FE6F230F2C297CAD00638FE2 /* HomeView.swift */ = {isa = PBXFileReference; fileEncoding = 4; lastKnownFileType = sourcecode.swift; path = HomeView.swift; sourceTree = "<group>"; };
		FE6F23122C297D0C00638FE2 /* SideMenuView.swift */ = {isa = PBXFileReference; fileEncoding = 4; lastKnownFileType = sourcecode.swift; path = SideMenuView.swift; sourceTree = "<group>"; };
		FE6F23152C297D3900638FE2 /* CardStyling.swift */ = {isa = PBXFileReference; fileEncoding = 4; lastKnownFileType = sourcecode.swift; path = CardStyling.swift; sourceTree = "<group>"; };
		FE6F23162C297D3900638FE2 /* TextFeildStyling.swift */ = {isa = PBXFileReference; fileEncoding = 4; lastKnownFileType = sourcecode.swift; path = TextFeildStyling.swift; sourceTree = "<group>"; };
		FE6F23172C297D3900638FE2 /* BtnSectionStyling.swift */ = {isa = PBXFileReference; fileEncoding = 4; lastKnownFileType = sourcecode.swift; path = BtnSectionStyling.swift; sourceTree = "<group>"; };
		FE6F231C2C297D7000638FE2 /* PermanentMarker-Regular.ttf */ = {isa = PBXFileReference; lastKnownFileType = file; path = "PermanentMarker-Regular.ttf"; sourceTree = "<group>"; };
		FE6F231E2C297DA600638FE2 /* GridItem.swift */ = {isa = PBXFileReference; fileEncoding = 4; lastKnownFileType = sourcecode.swift; path = GridItem.swift; sourceTree = "<group>"; };
		FE6F231F2C297DA600638FE2 /* ProcentageStack.swift */ = {isa = PBXFileReference; fileEncoding = 4; lastKnownFileType = sourcecode.swift; path = ProcentageStack.swift; sourceTree = "<group>"; };
		FE6F23202C297DA600638FE2 /* BtnSection.swift */ = {isa = PBXFileReference; fileEncoding = 4; lastKnownFileType = sourcecode.swift; path = BtnSection.swift; sourceTree = "<group>"; };
		FE6F23212C297DA600638FE2 /* GridView.swift */ = {isa = PBXFileReference; fileEncoding = 4; lastKnownFileType = sourcecode.swift; path = GridView.swift; sourceTree = "<group>"; };
		FE6F23232C297DA600638FE2 /* UserTextArea.swift */ = {isa = PBXFileReference; fileEncoding = 4; lastKnownFileType = sourcecode.swift; path = UserTextArea.swift; sourceTree = "<group>"; };
		FE6F23242C297DA600638FE2 /* CircleBtn.swift */ = {isa = PBXFileReference; fileEncoding = 4; lastKnownFileType = sourcecode.swift; path = CircleBtn.swift; sourceTree = "<group>"; };
		FE6F23252C297DA600638FE2 /* Icons.swift */ = {isa = PBXFileReference; fileEncoding = 4; lastKnownFileType = sourcecode.swift; path = Icons.swift; sourceTree = "<group>"; };
		FE6F232F2C297DEC00638FE2 /* EmailView.swift */ = {isa = PBXFileReference; fileEncoding = 4; lastKnownFileType = sourcecode.swift; path = EmailView.swift; sourceTree = "<group>"; };
		FE6F23302C297DEC00638FE2 /* PasswordView.swift */ = {isa = PBXFileReference; fileEncoding = 4; lastKnownFileType = sourcecode.swift; path = PasswordView.swift; sourceTree = "<group>"; };
		FE6F23342C297E0E00638FE2 /* FlipBackBtn.swift */ = {isa = PBXFileReference; fileEncoding = 4; lastKnownFileType = sourcecode.swift; path = FlipBackBtn.swift; sourceTree = "<group>"; };
		FE6F23352C297E0E00638FE2 /* UnSelectBtn.swift */ = {isa = PBXFileReference; fileEncoding = 4; lastKnownFileType = sourcecode.swift; path = UnSelectBtn.swift; sourceTree = "<group>"; };
		FE6F23362C297E0E00638FE2 /* FlipBtn.swift */ = {isa = PBXFileReference; fileEncoding = 4; lastKnownFileType = sourcecode.swift; path = FlipBtn.swift; sourceTree = "<group>"; };
		FE6F233B2C2982FC00638FE2 /* LoginView.swift */ = {isa = PBXFileReference; fileEncoding = 4; lastKnownFileType = sourcecode.swift; path = LoginView.swift; sourceTree = "<group>"; };
		FE6F233C2C2982FC00638FE2 /* RegisterView.swift */ = {isa = PBXFileReference; fileEncoding = 4; lastKnownFileType = sourcecode.swift; path = RegisterView.swift; sourceTree = "<group>"; };
		FE6F233F2C29891B00638FE2 /* GoogleService-Info.plist */ = {isa = PBXFileReference; fileEncoding = 4; lastKnownFileType = text.plist.xml; path = "GoogleService-Info.plist"; sourceTree = "<group>"; };
		FE6F234A2C299A9600638FE2 /* UserData.swift */ = {isa = PBXFileReference; lastKnownFileType = sourcecode.swift; path = UserData.swift; sourceTree = "<group>"; };
		FE78F17C2C52651900B763E2 /* PoemsDao.swift */ = {isa = PBXFileReference; lastKnownFileType = sourcecode.swift; path = PoemsDao.swift; sourceTree = "<group>"; };
		FE78F17F2C526A1700B763E2 /* PoemsRepository.swift */ = {isa = PBXFileReference; lastKnownFileType = sourcecode.swift; path = PoemsRepository.swift; sourceTree = "<group>"; };
		FE7E91812C302A830020169A /* RotatedText.swift */ = {isa = PBXFileReference; lastKnownFileType = sourcecode.swift; path = RotatedText.swift; sourceTree = "<group>"; };
		FEDDF8942C2738030001ADD8 /* ReaderApp.app */ = {isa = PBXFileReference; explicitFileType = wrapper.application; includeInIndex = 0; path = ReaderApp.app; sourceTree = BUILT_PRODUCTS_DIR; };
		FEDDF8972C2738030001ADD8 /* ReaderApp.swift */ = {isa = PBXFileReference; lastKnownFileType = sourcecode.swift; path = ReaderApp.swift; sourceTree = "<group>"; };
		FEDDF89B2C2738040001ADD8 /* Assets.xcassets */ = {isa = PBXFileReference; lastKnownFileType = folder.assetcatalog; path = Assets.xcassets; sourceTree = "<group>"; };
		FEDDF89E2C2738040001ADD8 /* Preview Assets.xcassets */ = {isa = PBXFileReference; lastKnownFileType = folder.assetcatalog; path = "Preview Assets.xcassets"; sourceTree = "<group>"; };
		FEDDF8A42C2738040001ADD8 /* ReaderAppTests.xctest */ = {isa = PBXFileReference; explicitFileType = wrapper.cfbundle; includeInIndex = 0; path = ReaderAppTests.xctest; sourceTree = BUILT_PRODUCTS_DIR; };
		FEDDF8A82C2738040001ADD8 /* ReaderAppTests.swift */ = {isa = PBXFileReference; lastKnownFileType = sourcecode.swift; path = ReaderAppTests.swift; sourceTree = "<group>"; };
		FEDDF8AE2C2738040001ADD8 /* ReaderAppUITests.xctest */ = {isa = PBXFileReference; explicitFileType = wrapper.cfbundle; includeInIndex = 0; path = ReaderAppUITests.xctest; sourceTree = BUILT_PRODUCTS_DIR; };
		FEDDF8B22C2738040001ADD8 /* ReaderAppUITests.swift */ = {isa = PBXFileReference; lastKnownFileType = sourcecode.swift; path = ReaderAppUITests.swift; sourceTree = "<group>"; };
		FEDDF8B42C2738040001ADD8 /* ReaderAppUITestsLaunchTests.swift */ = {isa = PBXFileReference; lastKnownFileType = sourcecode.swift; path = ReaderAppUITestsLaunchTests.swift; sourceTree = "<group>"; };
/* End PBXFileReference section */

/* Begin PBXFrameworksBuildPhase section */
		FEDDF8912C2738030001ADD8 /* Frameworks */ = {
			isa = PBXFrameworksBuildPhase;
			buildActionMask = 2147483647;
			files = (
				FE6F23472C2989C200638FE2 /* FirebaseDatabaseSwift in Frameworks */,
				FE6F23452C2989C200638FE2 /* FirebaseDatabase in Frameworks */,
				FE6F23432C2989C200638FE2 /* FirebaseAuth in Frameworks */,
				FE6F23492C2989C200638FE2 /* FirebaseFirestoreSwift in Frameworks */,
			);
			runOnlyForDeploymentPostprocessing = 0;
		};
		FEDDF8A12C2738040001ADD8 /* Frameworks */ = {
			isa = PBXFrameworksBuildPhase;
			buildActionMask = 2147483647;
			files = (
			);
			runOnlyForDeploymentPostprocessing = 0;
		};
		FEDDF8AB2C2738040001ADD8 /* Frameworks */ = {
			isa = PBXFrameworksBuildPhase;
			buildActionMask = 2147483647;
			files = (
			);
			runOnlyForDeploymentPostprocessing = 0;
		};
/* End PBXFrameworksBuildPhase section */

/* Begin PBXGroup section */
		FE1D2F1E2C51590C0085E063 /* Services */ = {
			isa = PBXGroup;
			children = (
				FE1D2F252C5161F40085E063 /* HTTPClient.swift */,
			);
			path = Services;
			sourceTree = "<group>";
		};
		FE1D2F222C5161360085E063 /* Constants */ = {
			isa = PBXGroup;
			children = (
				FE1D2F232C5161540085E063 /* Constants.swift */,
			);
			path = Constants;
			sourceTree = "<group>";
		};
		FE63D0E82C2D6F7E005448CF /* Navigation */ = {
			isa = PBXGroup;
			children = (
				FE63D0EB2C2D75D2005448CF /* Coordinator.swift */,
			);
			path = Navigation;
			sourceTree = "<group>";
		};
		FE6F22E02C2979E600638FE2 /* Model */ = {
			isa = PBXGroup;
			children = (
				FE6F22F52C297C0200638FE2 /* Protocols */,
				FE6F22EC2C297BCD00638FE2 /* GridItemState.swift */,
				FE6F22EB2C297BCD00638FE2 /* ReaderVelocity.swift */,
				FE6F22E82C297BCD00638FE2 /* SplitValues.swift */,
				FE6F22E92C297BCD00638FE2 /* SystemIcons.swift */,
				FE6F22EA2C297BCD00638FE2 /* TextState.swift */,
				FE6F22ED2C297BCD00638FE2 /* PoemTexts.swift */,
				FE6F234A2C299A9600638FE2 /* UserData.swift */,
				FE1D2F272C5174110085E063 /* Poems.swift */,
			);
			path = Model;
			sourceTree = "<group>";
		};
		FE6F22E12C2979ED00638FE2 /* ViewModel */ = {
			isa = PBXGroup;
			children = (
				FE6F22E52C297B9100638FE2 /* AuthViewAdapter.swift */,
				FE6F22E42C297B9100638FE2 /* HomeViewAdapter.swift */,
			);
			path = ViewModel;
			sourceTree = "<group>";
		};
		FE6F22E22C297A3500638FE2 /* Views */ = {
			isa = PBXGroup;
			children = (
				FE89C1312C552B1500EC0AE3 /* Screens */,
				FE6F231D2C297D9100638FE2 /* Components */,
				FE6F231B2C297D5D00638FE2 /* Fonts */,
				FE6F23142C297D1400638FE2 /* Modifiers */,
				FE6F23112C297CFE00638FE2 /* SubViews */,
			);
			path = Views;
			sourceTree = "<group>";
		};
		FE6F22E32C297B7500638FE2 /* Utility */ = {
			isa = PBXGroup;
			children = (
				FE6F230C2C297C6400638FE2 /* Extensions */,
				FE6F23092C297C5800638FE2 /* GridPoints.swift */,
				FE6F23082C297C5800638FE2 /* Theme.swift */,
			);
			path = Utility;
			sourceTree = "<group>";
		};
		FE6F22F52C297C0200638FE2 /* Protocols */ = {
			isa = PBXGroup;
			children = (
				FE6F22F62C297C1900638FE2 /* CurrentIndex.swift */,
			);
			path = Protocols;
			sourceTree = "<group>";
		};
		FE6F230C2C297C6400638FE2 /* Extensions */ = {
			isa = PBXGroup;
			children = (
				FE6F230D2C297C7300638FE2 /* Array.swift */,
				FE1D2F2B2C517ED30085E063 /* URL+Extensions.swift */,
			);
			path = Extensions;
			sourceTree = "<group>";
		};
		FE6F23112C297CFE00638FE2 /* SubViews */ = {
			isa = PBXGroup;
			children = (
				FE6F23122C297D0C00638FE2 /* SideMenuView.swift */,
				FE63D0ED2C2D7980005448CF /* LibraryView.swift */,
			);
			path = SubViews;
			sourceTree = "<group>";
		};
		FE6F23142C297D1400638FE2 /* Modifiers */ = {
			isa = PBXGroup;
			children = (
				FE6F23172C297D3900638FE2 /* BtnSectionStyling.swift */,
				FE6F23152C297D3900638FE2 /* CardStyling.swift */,
				FE6F23162C297D3900638FE2 /* TextFeildStyling.swift */,
			);
			path = Modifiers;
			sourceTree = "<group>";
		};
		FE6F231B2C297D5D00638FE2 /* Fonts */ = {
			isa = PBXGroup;
			children = (
				FE6F231C2C297D7000638FE2 /* PermanentMarker-Regular.ttf */,
			);
			path = Fonts;
			sourceTree = "<group>";
		};
		FE6F231D2C297D9100638FE2 /* Components */ = {
			isa = PBXGroup;
			children = (
				FE6F23332C297E0100638FE2 /* Buttons */,
				FE6F232E2C297DDF00638FE2 /* Auth */,
				FE6F23202C297DA600638FE2 /* BtnSection.swift */,
				FE6F23242C297DA600638FE2 /* CircleBtn.swift */,
				FE6F231E2C297DA600638FE2 /* GridItem.swift */,
				FE6F23212C297DA600638FE2 /* GridView.swift */,
				FE6F23252C297DA600638FE2 /* Icons.swift */,
				FE6F231F2C297DA600638FE2 /* ProcentageStack.swift */,
				FE6F23232C297DA600638FE2 /* UserTextArea.swift */,
				FE7E91812C302A830020169A /* RotatedText.swift */,
			);
			path = Components;
			sourceTree = "<group>";
		};
		FE6F232E2C297DDF00638FE2 /* Auth */ = {
			isa = PBXGroup;
			children = (
				FE6F232F2C297DEC00638FE2 /* EmailView.swift */,
				FE6F23302C297DEC00638FE2 /* PasswordView.swift */,
			);
			path = Auth;
			sourceTree = "<group>";
		};
		FE6F23332C297E0100638FE2 /* Buttons */ = {
			isa = PBXGroup;
			children = (
				FE6F23342C297E0E00638FE2 /* FlipBackBtn.swift */,
				FE6F23362C297E0E00638FE2 /* FlipBtn.swift */,
				FE6F23352C297E0E00638FE2 /* UnSelectBtn.swift */,
				FE215FB62C3065F400E93D07 /* SimpleBtn.swift */,
			);
			path = Buttons;
			sourceTree = "<group>";
		};
		FE6F233A2C2982ED00638FE2 /* Auth */ = {
			isa = PBXGroup;
			children = (
				FE6F233B2C2982FC00638FE2 /* LoginView.swift */,
				FE6F233C2C2982FC00638FE2 /* RegisterView.swift */,
			);
			path = Auth;
			sourceTree = "<group>";
		};
		FE78F17E2C5269A100B763E2 /* Repository */ = {
			isa = PBXGroup;
			children = (
				FE78F17F2C526A1700B763E2 /* PoemsRepository.swift */,
			);
			path = Repository;
			sourceTree = "<group>";
		};
		FE78F1812C52A6E100B763E2 /* Data */ = {
			isa = PBXGroup;
			children = (
				FE78F17C2C52651900B763E2 /* PoemsDao.swift */,
			);
			path = Data;
			sourceTree = "<group>";
		};
		FE89C1312C552B1500EC0AE3 /* Screens */ = {
			isa = PBXGroup;
			children = (
				FE6F233A2C2982ED00638FE2 /* Auth */,
				FE6F230F2C297CAD00638FE2 /* HomeView.swift */,
			);
			path = Screens;
			sourceTree = "<group>";
		};
		FEDDF88B2C2738030001ADD8 = {
			isa = PBXGroup;
			children = (
				FEDDF8962C2738030001ADD8 /* ReaderApp */,
				FEDDF8A72C2738040001ADD8 /* ReaderAppTests */,
				FEDDF8B12C2738040001ADD8 /* ReaderAppUITests */,
				FEDDF8952C2738030001ADD8 /* Products */,
			);
			sourceTree = "<group>";
		};
		FEDDF8952C2738030001ADD8 /* Products */ = {
			isa = PBXGroup;
			children = (
				FEDDF8942C2738030001ADD8 /* ReaderApp.app */,
				FEDDF8A42C2738040001ADD8 /* ReaderAppTests.xctest */,
				FEDDF8AE2C2738040001ADD8 /* ReaderAppUITests.xctest */,
			);
			name = Products;
			sourceTree = "<group>";
		};
		FEDDF8962C2738030001ADD8 /* ReaderApp */ = {
			isa = PBXGroup;
			children = (
				FE78F1812C52A6E100B763E2 /* Data */,
				FE78F17E2C5269A100B763E2 /* Repository */,
				FE1D2F222C5161360085E063 /* Constants */,
				FE1D2F1E2C51590C0085E063 /* Services */,
				FE63D0E82C2D6F7E005448CF /* Navigation */,
				FE6F22E32C297B7500638FE2 /* Utility */,
				FE6F22E22C297A3500638FE2 /* Views */,
				FE6F22E12C2979ED00638FE2 /* ViewModel */,
				FE6F22E02C2979E600638FE2 /* Model */,
				FEDDF8972C2738030001ADD8 /* ReaderApp.swift */,
				FE6F233F2C29891B00638FE2 /* GoogleService-Info.plist */,
				FEDDF89B2C2738040001ADD8 /* Assets.xcassets */,
				FE1D2F202C5160970085E063 /* .gitignore */,
				FEDDF89D2C2738040001ADD8 /* Preview Content */,
				FE0316112C53CC5E0090ADFA /* README.md */,
			);
			path = ReaderApp;
			sourceTree = "<group>";
		};
		FEDDF89D2C2738040001ADD8 /* Preview Content */ = {
			isa = PBXGroup;
			children = (
				FEDDF89E2C2738040001ADD8 /* Preview Assets.xcassets */,
			);
			path = "Preview Content";
			sourceTree = "<group>";
		};
		FEDDF8A72C2738040001ADD8 /* ReaderAppTests */ = {
			isa = PBXGroup;
			children = (
				FEDDF8A82C2738040001ADD8 /* ReaderAppTests.swift */,
			);
			path = ReaderAppTests;
			sourceTree = "<group>";
		};
		FEDDF8B12C2738040001ADD8 /* ReaderAppUITests */ = {
			isa = PBXGroup;
			children = (
				FEDDF8B22C2738040001ADD8 /* ReaderAppUITests.swift */,
				FEDDF8B42C2738040001ADD8 /* ReaderAppUITestsLaunchTests.swift */,
			);
			path = ReaderAppUITests;
			sourceTree = "<group>";
		};
/* End PBXGroup section */

/* Begin PBXNativeTarget section */
		FEDDF8932C2738030001ADD8 /* ReaderApp */ = {
			isa = PBXNativeTarget;
			buildConfigurationList = FEDDF8B82C2738040001ADD8 /* Build configuration list for PBXNativeTarget "ReaderApp" */;
			buildPhases = (
				FEDDF8902C2738030001ADD8 /* Sources */,
				FEDDF8912C2738030001ADD8 /* Frameworks */,
				FEDDF8922C2738030001ADD8 /* Resources */,
			);
			buildRules = (
			);
			dependencies = (
			);
			name = ReaderApp;
			packageProductDependencies = (
				FE6F23422C2989C200638FE2 /* FirebaseAuth */,
				FE6F23442C2989C200638FE2 /* FirebaseDatabase */,
				FE6F23462C2989C200638FE2 /* FirebaseDatabaseSwift */,
				FE6F23482C2989C200638FE2 /* FirebaseFirestoreSwift */,
			);
			productName = ReaderApp;
			productReference = FEDDF8942C2738030001ADD8 /* ReaderApp.app */;
			productType = "com.apple.product-type.application";
		};
		FEDDF8A32C2738040001ADD8 /* ReaderAppTests */ = {
			isa = PBXNativeTarget;
			buildConfigurationList = FEDDF8BB2C2738040001ADD8 /* Build configuration list for PBXNativeTarget "ReaderAppTests" */;
			buildPhases = (
				FEDDF8A02C2738040001ADD8 /* Sources */,
				FEDDF8A12C2738040001ADD8 /* Frameworks */,
				FEDDF8A22C2738040001ADD8 /* Resources */,
			);
			buildRules = (
			);
			dependencies = (
				FEDDF8A62C2738040001ADD8 /* PBXTargetDependency */,
			);
			name = ReaderAppTests;
			productName = ReaderAppTests;
			productReference = FEDDF8A42C2738040001ADD8 /* ReaderAppTests.xctest */;
			productType = "com.apple.product-type.bundle.unit-test";
		};
		FEDDF8AD2C2738040001ADD8 /* ReaderAppUITests */ = {
			isa = PBXNativeTarget;
			buildConfigurationList = FEDDF8BE2C2738040001ADD8 /* Build configuration list for PBXNativeTarget "ReaderAppUITests" */;
			buildPhases = (
				FEDDF8AA2C2738040001ADD8 /* Sources */,
				FEDDF8AB2C2738040001ADD8 /* Frameworks */,
				FEDDF8AC2C2738040001ADD8 /* Resources */,
			);
			buildRules = (
			);
			dependencies = (
				FEDDF8B02C2738040001ADD8 /* PBXTargetDependency */,
			);
			name = ReaderAppUITests;
			productName = ReaderAppUITests;
			productReference = FEDDF8AE2C2738040001ADD8 /* ReaderAppUITests.xctest */;
			productType = "com.apple.product-type.bundle.ui-testing";
		};
/* End PBXNativeTarget section */

/* Begin PBXProject section */
		FEDDF88C2C2738030001ADD8 /* Project object */ = {
			isa = PBXProject;
			attributes = {
				BuildIndependentTargetsInParallel = 1;
				LastSwiftUpdateCheck = 1540;
				LastUpgradeCheck = 1540;
				TargetAttributes = {
					FEDDF8932C2738030001ADD8 = {
						CreatedOnToolsVersion = 15.4;
					};
					FEDDF8A32C2738040001ADD8 = {
						CreatedOnToolsVersion = 15.4;
						TestTargetID = FEDDF8932C2738030001ADD8;
					};
					FEDDF8AD2C2738040001ADD8 = {
						CreatedOnToolsVersion = 15.4;
						TestTargetID = FEDDF8932C2738030001ADD8;
					};
				};
			};
			buildConfigurationList = FEDDF88F2C2738030001ADD8 /* Build configuration list for PBXProject "ReaderApp" */;
			compatibilityVersion = "Xcode 14.0";
			developmentRegion = en;
			hasScannedForEncodings = 0;
			knownRegions = (
				en,
				Base,
			);
			mainGroup = FEDDF88B2C2738030001ADD8;
			packageReferences = (
				FE6F23412C2989C200638FE2 /* XCRemoteSwiftPackageReference "firebase-ios-sdk" */,
			);
			productRefGroup = FEDDF8952C2738030001ADD8 /* Products */;
			projectDirPath = "";
			projectRoot = "";
			targets = (
				FEDDF8932C2738030001ADD8 /* ReaderApp */,
				FEDDF8A32C2738040001ADD8 /* ReaderAppTests */,
				FEDDF8AD2C2738040001ADD8 /* ReaderAppUITests */,
			);
		};
/* End PBXProject section */

/* Begin PBXResourcesBuildPhase section */
		FEDDF8922C2738030001ADD8 /* Resources */ = {
			isa = PBXResourcesBuildPhase;
			buildActionMask = 2147483647;
			files = (
				FE1D2F212C5160970085E063 /* .gitignore in Resources */,
				FEDDF89F2C2738040001ADD8 /* Preview Assets.xcassets in Resources */,
				FE0316122C53CC5E0090ADFA /* README.md in Resources */,
				FEDDF89C2C2738040001ADD8 /* Assets.xcassets in Resources */,
				FE6F23402C29891B00638FE2 /* GoogleService-Info.plist in Resources */,
			);
			runOnlyForDeploymentPostprocessing = 0;
		};
		FEDDF8A22C2738040001ADD8 /* Resources */ = {
			isa = PBXResourcesBuildPhase;
			buildActionMask = 2147483647;
			files = (
			);
			runOnlyForDeploymentPostprocessing = 0;
		};
		FEDDF8AC2C2738040001ADD8 /* Resources */ = {
			isa = PBXResourcesBuildPhase;
			buildActionMask = 2147483647;
			files = (
			);
			runOnlyForDeploymentPostprocessing = 0;
		};
/* End PBXResourcesBuildPhase section */

/* Begin PBXSourcesBuildPhase section */
		FEDDF8902C2738030001ADD8 /* Sources */ = {
			isa = PBXSourcesBuildPhase;
			buildActionMask = 2147483647;
			files = (
				FE6F232B2C297DA600638FE2 /* UserTextArea.swift in Sources */,
				FE63D0EC2C2D75D2005448CF /* Coordinator.swift in Sources */,
				FE6F22F32C297BCD00638FE2 /* PoemTexts.swift in Sources */,
				FE6F22F12C297BCD00638FE2 /* ReaderVelocity.swift in Sources */,
				FE6F23382C297E0E00638FE2 /* UnSelectBtn.swift in Sources */,
				FE6F23372C297E0E00638FE2 /* FlipBackBtn.swift in Sources */,
				FE78F17D2C52651900B763E2 /* PoemsDao.swift in Sources */,
				FE1D2F282C5174110085E063 /* Poems.swift in Sources */,
				FE6F23192C297D3900638FE2 /* TextFeildStyling.swift in Sources */,
				FE6F234B2C299A9600638FE2 /* UserData.swift in Sources */,
				FE6F22EF2C297BCD00638FE2 /* SystemIcons.swift in Sources */,
				FE6F23262C297DA600638FE2 /* GridItem.swift in Sources */,
				FEDDF8982C2738030001ADD8 /* ReaderApp.swift in Sources */,
				FE1D2F2C2C517ED30085E063 /* URL+Extensions.swift in Sources */,
				FE6F231A2C297D3900638FE2 /* BtnSectionStyling.swift in Sources */,
				FE6F230B2C297C5800638FE2 /* GridPoints.swift in Sources */,
				FE215FB72C3065F400E93D07 /* SimpleBtn.swift in Sources */,
				FE6F233E2C2982FC00638FE2 /* RegisterView.swift in Sources */,
				FE6F22F22C297BCD00638FE2 /* GridItemState.swift in Sources */,
				FE6F22F72C297C1900638FE2 /* CurrentIndex.swift in Sources */,
				FE6F22E72C297B9100638FE2 /* AuthViewAdapter.swift in Sources */,
				FE6F23272C297DA600638FE2 /* ProcentageStack.swift in Sources */,
				FE6F23182C297D3900638FE2 /* CardStyling.swift in Sources */,
				FE6F230E2C297C7300638FE2 /* Array.swift in Sources */,
				FE1D2F242C5161540085E063 /* Constants.swift in Sources */,
				FE6F23132C297D0C00638FE2 /* SideMenuView.swift in Sources */,
				FE6F23292C297DA600638FE2 /* GridView.swift in Sources */,
				FE63D0EE2C2D7980005448CF /* LibraryView.swift in Sources */,
				FE6F22EE2C297BCD00638FE2 /* SplitValues.swift in Sources */,
				FE6F232D2C297DA600638FE2 /* Icons.swift in Sources */,
				FE6F23392C297E0E00638FE2 /* FlipBtn.swift in Sources */,
				FE6F23312C297DEC00638FE2 /* EmailView.swift in Sources */,
				FE6F23322C297DEC00638FE2 /* PasswordView.swift in Sources */,
				FE6F230A2C297C5800638FE2 /* Theme.swift in Sources */,
				FE6F23282C297DA600638FE2 /* BtnSection.swift in Sources */,
				FE78F1802C526A1700B763E2 /* PoemsRepository.swift in Sources */,
				FE6F22F02C297BCD00638FE2 /* TextState.swift in Sources */,
				FE1D2F262C5161F40085E063 /* HTTPClient.swift in Sources */,
				FE6F23102C297CAD00638FE2 /* HomeView.swift in Sources */,
				FE7E91822C302A830020169A /* RotatedText.swift in Sources */,
				FE6F232C2C297DA600638FE2 /* CircleBtn.swift in Sources */,
				FE6F233D2C2982FC00638FE2 /* LoginView.swift in Sources */,
				FE6F22E62C297B9100638FE2 /* HomeViewAdapter.swift in Sources */,
			);
			runOnlyForDeploymentPostprocessing = 0;
		};
		FEDDF8A02C2738040001ADD8 /* Sources */ = {
			isa = PBXSourcesBuildPhase;
			buildActionMask = 2147483647;
			files = (
				FEDDF8A92C2738040001ADD8 /* ReaderAppTests.swift in Sources */,
			);
			runOnlyForDeploymentPostprocessing = 0;
		};
		FEDDF8AA2C2738040001ADD8 /* Sources */ = {
			isa = PBXSourcesBuildPhase;
			buildActionMask = 2147483647;
			files = (
				FEDDF8B32C2738040001ADD8 /* ReaderAppUITests.swift in Sources */,
				FEDDF8B52C2738040001ADD8 /* ReaderAppUITestsLaunchTests.swift in Sources */,
			);
			runOnlyForDeploymentPostprocessing = 0;
		};
/* End PBXSourcesBuildPhase section */

/* Begin PBXTargetDependency section */
		FEDDF8A62C2738040001ADD8 /* PBXTargetDependency */ = {
			isa = PBXTargetDependency;
			target = FEDDF8932C2738030001ADD8 /* ReaderApp */;
			targetProxy = FEDDF8A52C2738040001ADD8 /* PBXContainerItemProxy */;
		};
		FEDDF8B02C2738040001ADD8 /* PBXTargetDependency */ = {
			isa = PBXTargetDependency;
			target = FEDDF8932C2738030001ADD8 /* ReaderApp */;
			targetProxy = FEDDF8AF2C2738040001ADD8 /* PBXContainerItemProxy */;
		};
/* End PBXTargetDependency section */

/* Begin XCBuildConfiguration section */
		FEDDF8B62C2738040001ADD8 /* Debug */ = {
			isa = XCBuildConfiguration;
			buildSettings = {
				ALWAYS_SEARCH_USER_PATHS = NO;
				ASSETCATALOG_COMPILER_GENERATE_SWIFT_ASSET_SYMBOL_EXTENSIONS = YES;
				CLANG_ANALYZER_NONNULL = YES;
				CLANG_ANALYZER_NUMBER_OBJECT_CONVERSION = YES_AGGRESSIVE;
				CLANG_CXX_LANGUAGE_STANDARD = "gnu++20";
				CLANG_ENABLE_MODULES = YES;
				CLANG_ENABLE_OBJC_ARC = YES;
				CLANG_ENABLE_OBJC_WEAK = YES;
				CLANG_WARN_BLOCK_CAPTURE_AUTORELEASING = YES;
				CLANG_WARN_BOOL_CONVERSION = YES;
				CLANG_WARN_COMMA = YES;
				CLANG_WARN_CONSTANT_CONVERSION = YES;
				CLANG_WARN_DEPRECATED_OBJC_IMPLEMENTATIONS = YES;
				CLANG_WARN_DIRECT_OBJC_ISA_USAGE = YES_ERROR;
				CLANG_WARN_DOCUMENTATION_COMMENTS = YES;
				CLANG_WARN_EMPTY_BODY = YES;
				CLANG_WARN_ENUM_CONVERSION = YES;
				CLANG_WARN_INFINITE_RECURSION = YES;
				CLANG_WARN_INT_CONVERSION = YES;
				CLANG_WARN_NON_LITERAL_NULL_CONVERSION = YES;
				CLANG_WARN_OBJC_IMPLICIT_RETAIN_SELF = YES;
				CLANG_WARN_OBJC_LITERAL_CONVERSION = YES;
				CLANG_WARN_OBJC_ROOT_CLASS = YES_ERROR;
				CLANG_WARN_QUOTED_INCLUDE_IN_FRAMEWORK_HEADER = YES;
				CLANG_WARN_RANGE_LOOP_ANALYSIS = YES;
				CLANG_WARN_STRICT_PROTOTYPES = YES;
				CLANG_WARN_SUSPICIOUS_MOVE = YES;
				CLANG_WARN_UNGUARDED_AVAILABILITY = YES_AGGRESSIVE;
				CLANG_WARN_UNREACHABLE_CODE = YES;
				CLANG_WARN__DUPLICATE_METHOD_MATCH = YES;
				COPY_PHASE_STRIP = NO;
				DEBUG_INFORMATION_FORMAT = dwarf;
				ENABLE_STRICT_OBJC_MSGSEND = YES;
				ENABLE_TESTABILITY = YES;
				ENABLE_USER_SCRIPT_SANDBOXING = YES;
				GCC_C_LANGUAGE_STANDARD = gnu17;
				GCC_DYNAMIC_NO_PIC = NO;
				GCC_NO_COMMON_BLOCKS = YES;
				GCC_OPTIMIZATION_LEVEL = 0;
				GCC_PREPROCESSOR_DEFINITIONS = (
					"DEBUG=1",
					"$(inherited)",
				);
				GCC_WARN_64_TO_32_BIT_CONVERSION = YES;
				GCC_WARN_ABOUT_RETURN_TYPE = YES_ERROR;
				GCC_WARN_UNDECLARED_SELECTOR = YES;
				GCC_WARN_UNINITIALIZED_AUTOS = YES_AGGRESSIVE;
				GCC_WARN_UNUSED_FUNCTION = YES;
				GCC_WARN_UNUSED_VARIABLE = YES;
				IPHONEOS_DEPLOYMENT_TARGET = 17.5;
				LOCALIZATION_PREFERS_STRING_CATALOGS = YES;
				MTL_ENABLE_DEBUG_INFO = INCLUDE_SOURCE;
				MTL_FAST_MATH = YES;
				ONLY_ACTIVE_ARCH = YES;
				SDKROOT = iphoneos;
				SWIFT_ACTIVE_COMPILATION_CONDITIONS = "DEBUG $(inherited)";
				SWIFT_OPTIMIZATION_LEVEL = "-Onone";
			};
			name = Debug;
		};
		FEDDF8B72C2738040001ADD8 /* Release */ = {
			isa = XCBuildConfiguration;
			buildSettings = {
				ALWAYS_SEARCH_USER_PATHS = NO;
				ASSETCATALOG_COMPILER_GENERATE_SWIFT_ASSET_SYMBOL_EXTENSIONS = YES;
				CLANG_ANALYZER_NONNULL = YES;
				CLANG_ANALYZER_NUMBER_OBJECT_CONVERSION = YES_AGGRESSIVE;
				CLANG_CXX_LANGUAGE_STANDARD = "gnu++20";
				CLANG_ENABLE_MODULES = YES;
				CLANG_ENABLE_OBJC_ARC = YES;
				CLANG_ENABLE_OBJC_WEAK = YES;
				CLANG_WARN_BLOCK_CAPTURE_AUTORELEASING = YES;
				CLANG_WARN_BOOL_CONVERSION = YES;
				CLANG_WARN_COMMA = YES;
				CLANG_WARN_CONSTANT_CONVERSION = YES;
				CLANG_WARN_DEPRECATED_OBJC_IMPLEMENTATIONS = YES;
				CLANG_WARN_DIRECT_OBJC_ISA_USAGE = YES_ERROR;
				CLANG_WARN_DOCUMENTATION_COMMENTS = YES;
				CLANG_WARN_EMPTY_BODY = YES;
				CLANG_WARN_ENUM_CONVERSION = YES;
				CLANG_WARN_INFINITE_RECURSION = YES;
				CLANG_WARN_INT_CONVERSION = YES;
				CLANG_WARN_NON_LITERAL_NULL_CONVERSION = YES;
				CLANG_WARN_OBJC_IMPLICIT_RETAIN_SELF = YES;
				CLANG_WARN_OBJC_LITERAL_CONVERSION = YES;
				CLANG_WARN_OBJC_ROOT_CLASS = YES_ERROR;
				CLANG_WARN_QUOTED_INCLUDE_IN_FRAMEWORK_HEADER = YES;
				CLANG_WARN_RANGE_LOOP_ANALYSIS = YES;
				CLANG_WARN_STRICT_PROTOTYPES = YES;
				CLANG_WARN_SUSPICIOUS_MOVE = YES;
				CLANG_WARN_UNGUARDED_AVAILABILITY = YES_AGGRESSIVE;
				CLANG_WARN_UNREACHABLE_CODE = YES;
				CLANG_WARN__DUPLICATE_METHOD_MATCH = YES;
				COPY_PHASE_STRIP = NO;
				DEBUG_INFORMATION_FORMAT = "dwarf-with-dsym";
				ENABLE_NS_ASSERTIONS = NO;
				ENABLE_STRICT_OBJC_MSGSEND = YES;
				ENABLE_USER_SCRIPT_SANDBOXING = YES;
				GCC_C_LANGUAGE_STANDARD = gnu17;
				GCC_NO_COMMON_BLOCKS = YES;
				GCC_WARN_64_TO_32_BIT_CONVERSION = YES;
				GCC_WARN_ABOUT_RETURN_TYPE = YES_ERROR;
				GCC_WARN_UNDECLARED_SELECTOR = YES;
				GCC_WARN_UNINITIALIZED_AUTOS = YES_AGGRESSIVE;
				GCC_WARN_UNUSED_FUNCTION = YES;
				GCC_WARN_UNUSED_VARIABLE = YES;
				IPHONEOS_DEPLOYMENT_TARGET = 17.5;
				LOCALIZATION_PREFERS_STRING_CATALOGS = YES;
				MTL_ENABLE_DEBUG_INFO = NO;
				MTL_FAST_MATH = YES;
				SDKROOT = iphoneos;
				SWIFT_COMPILATION_MODE = wholemodule;
				VALIDATE_PRODUCT = YES;
			};
			name = Release;
		};
		FEDDF8B92C2738040001ADD8 /* Debug */ = {
			isa = XCBuildConfiguration;
			buildSettings = {
				ASSETCATALOG_COMPILER_APPICON_NAME = AppIcon;
				ASSETCATALOG_COMPILER_GLOBAL_ACCENT_COLOR_NAME = AccentColor;
				CODE_SIGN_STYLE = Automatic;
				CURRENT_PROJECT_VERSION = 1;
				DEVELOPMENT_ASSET_PATHS = "\"ReaderApp/Preview Content\"";
				ENABLE_PREVIEWS = YES;
				GENERATE_INFOPLIST_FILE = YES;
				INFOPLIST_KEY_UIApplicationSceneManifest_Generation = YES;
				INFOPLIST_KEY_UIApplicationSupportsIndirectInputEvents = YES;
				INFOPLIST_KEY_UILaunchScreen_Generation = YES;
				INFOPLIST_KEY_UISupportedInterfaceOrientations_iPad = "UIInterfaceOrientationPortrait UIInterfaceOrientationPortraitUpsideDown UIInterfaceOrientationLandscapeLeft UIInterfaceOrientationLandscapeRight";
				INFOPLIST_KEY_UISupportedInterfaceOrientations_iPhone = "UIInterfaceOrientationPortrait UIInterfaceOrientationLandscapeLeft UIInterfaceOrientationLandscapeRight";
				LD_RUNPATH_SEARCH_PATHS = (
					"$(inherited)",
					"@executable_path/Frameworks",
				);
				MARKETING_VERSION = 1.0;
				PRODUCT_BUNDLE_IDENTIFIER = com.rhiz0m.ReaderApp;
				PRODUCT_NAME = "$(TARGET_NAME)";
				SWIFT_EMIT_LOC_STRINGS = YES;
				SWIFT_VERSION = 5.0;
				TARGETED_DEVICE_FAMILY = "1,2";
			};
			name = Debug;
		};
		FEDDF8BA2C2738040001ADD8 /* Release */ = {
			isa = XCBuildConfiguration;
			buildSettings = {
				ASSETCATALOG_COMPILER_APPICON_NAME = AppIcon;
				ASSETCATALOG_COMPILER_GLOBAL_ACCENT_COLOR_NAME = AccentColor;
				CODE_SIGN_STYLE = Automatic;
				CURRENT_PROJECT_VERSION = 1;
				DEVELOPMENT_ASSET_PATHS = "\"ReaderApp/Preview Content\"";
				ENABLE_PREVIEWS = YES;
				GENERATE_INFOPLIST_FILE = YES;
				INFOPLIST_KEY_UIApplicationSceneManifest_Generation = YES;
				INFOPLIST_KEY_UIApplicationSupportsIndirectInputEvents = YES;
				INFOPLIST_KEY_UILaunchScreen_Generation = YES;
				INFOPLIST_KEY_UISupportedInterfaceOrientations_iPad = "UIInterfaceOrientationPortrait UIInterfaceOrientationPortraitUpsideDown UIInterfaceOrientationLandscapeLeft UIInterfaceOrientationLandscapeRight";
				INFOPLIST_KEY_UISupportedInterfaceOrientations_iPhone = "UIInterfaceOrientationPortrait UIInterfaceOrientationLandscapeLeft UIInterfaceOrientationLandscapeRight";
				LD_RUNPATH_SEARCH_PATHS = (
					"$(inherited)",
					"@executable_path/Frameworks",
				);
				MARKETING_VERSION = 1.0;
				PRODUCT_BUNDLE_IDENTIFIER = com.rhiz0m.ReaderApp;
				PRODUCT_NAME = "$(TARGET_NAME)";
				SWIFT_EMIT_LOC_STRINGS = YES;
				SWIFT_VERSION = 5.0;
				TARGETED_DEVICE_FAMILY = "1,2";
			};
			name = Release;
		};
		FEDDF8BC2C2738040001ADD8 /* Debug */ = {
			isa = XCBuildConfiguration;
			buildSettings = {
				ALWAYS_EMBED_SWIFT_STANDARD_LIBRARIES = YES;
				BUNDLE_LOADER = "$(TEST_HOST)";
				CODE_SIGN_STYLE = Automatic;
				CURRENT_PROJECT_VERSION = 1;
				GENERATE_INFOPLIST_FILE = YES;
				IPHONEOS_DEPLOYMENT_TARGET = 17.5;
				MARKETING_VERSION = 1.0;
				PRODUCT_BUNDLE_IDENTIFIER = com.rhiz0m.ReaderAppTests;
				PRODUCT_NAME = "$(TARGET_NAME)";
				SWIFT_EMIT_LOC_STRINGS = NO;
				SWIFT_VERSION = 5.0;
				TARGETED_DEVICE_FAMILY = "1,2";
				TEST_HOST = "$(BUILT_PRODUCTS_DIR)/ReaderApp.app/$(BUNDLE_EXECUTABLE_FOLDER_PATH)/ReaderApp";
			};
			name = Debug;
		};
		FEDDF8BD2C2738040001ADD8 /* Release */ = {
			isa = XCBuildConfiguration;
			buildSettings = {
				ALWAYS_EMBED_SWIFT_STANDARD_LIBRARIES = YES;
				BUNDLE_LOADER = "$(TEST_HOST)";
				CODE_SIGN_STYLE = Automatic;
				CURRENT_PROJECT_VERSION = 1;
				GENERATE_INFOPLIST_FILE = YES;
				IPHONEOS_DEPLOYMENT_TARGET = 17.5;
				MARKETING_VERSION = 1.0;
				PRODUCT_BUNDLE_IDENTIFIER = com.rhiz0m.ReaderAppTests;
				PRODUCT_NAME = "$(TARGET_NAME)";
				SWIFT_EMIT_LOC_STRINGS = NO;
				SWIFT_VERSION = 5.0;
				TARGETED_DEVICE_FAMILY = "1,2";
				TEST_HOST = "$(BUILT_PRODUCTS_DIR)/ReaderApp.app/$(BUNDLE_EXECUTABLE_FOLDER_PATH)/ReaderApp";
			};
			name = Release;
		};
		FEDDF8BF2C2738040001ADD8 /* Debug */ = {
			isa = XCBuildConfiguration;
			buildSettings = {
				ALWAYS_EMBED_SWIFT_STANDARD_LIBRARIES = YES;
				CODE_SIGN_STYLE = Automatic;
				CURRENT_PROJECT_VERSION = 1;
				GENERATE_INFOPLIST_FILE = YES;
				MARKETING_VERSION = 1.0;
				PRODUCT_BUNDLE_IDENTIFIER = com.rhiz0m.ReaderAppUITests;
				PRODUCT_NAME = "$(TARGET_NAME)";
				SWIFT_EMIT_LOC_STRINGS = NO;
				SWIFT_VERSION = 5.0;
				TARGETED_DEVICE_FAMILY = "1,2";
				TEST_TARGET_NAME = ReaderApp;
			};
			name = Debug;
		};
		FEDDF8C02C2738040001ADD8 /* Release */ = {
			isa = XCBuildConfiguration;
			buildSettings = {
				ALWAYS_EMBED_SWIFT_STANDARD_LIBRARIES = YES;
				CODE_SIGN_STYLE = Automatic;
				CURRENT_PROJECT_VERSION = 1;
				GENERATE_INFOPLIST_FILE = YES;
				MARKETING_VERSION = 1.0;
				PRODUCT_BUNDLE_IDENTIFIER = com.rhiz0m.ReaderAppUITests;
				PRODUCT_NAME = "$(TARGET_NAME)";
				SWIFT_EMIT_LOC_STRINGS = NO;
				SWIFT_VERSION = 5.0;
				TARGETED_DEVICE_FAMILY = "1,2";
				TEST_TARGET_NAME = ReaderApp;
			};
			name = Release;
		};
/* End XCBuildConfiguration section */

/* Begin XCConfigurationList section */
		FEDDF88F2C2738030001ADD8 /* Build configuration list for PBXProject "ReaderApp" */ = {
			isa = XCConfigurationList;
			buildConfigurations = (
				FEDDF8B62C2738040001ADD8 /* Debug */,
				FEDDF8B72C2738040001ADD8 /* Release */,
			);
			defaultConfigurationIsVisible = 0;
			defaultConfigurationName = Release;
		};
		FEDDF8B82C2738040001ADD8 /* Build configuration list for PBXNativeTarget "ReaderApp" */ = {
			isa = XCConfigurationList;
			buildConfigurations = (
				FEDDF8B92C2738040001ADD8 /* Debug */,
				FEDDF8BA2C2738040001ADD8 /* Release */,
			);
			defaultConfigurationIsVisible = 0;
			defaultConfigurationName = Release;
		};
		FEDDF8BB2C2738040001ADD8 /* Build configuration list for PBXNativeTarget "ReaderAppTests" */ = {
			isa = XCConfigurationList;
			buildConfigurations = (
				FEDDF8BC2C2738040001ADD8 /* Debug */,
				FEDDF8BD2C2738040001ADD8 /* Release */,
			);
			defaultConfigurationIsVisible = 0;
			defaultConfigurationName = Release;
		};
		FEDDF8BE2C2738040001ADD8 /* Build configuration list for PBXNativeTarget "ReaderAppUITests" */ = {
			isa = XCConfigurationList;
			buildConfigurations = (
				FEDDF8BF2C2738040001ADD8 /* Debug */,
				FEDDF8C02C2738040001ADD8 /* Release */,
			);
			defaultConfigurationIsVisible = 0;
			defaultConfigurationName = Release;
		};
/* End XCConfigurationList section */

/* Begin XCRemoteSwiftPackageReference section */
		FE6F23412C2989C200638FE2 /* XCRemoteSwiftPackageReference "firebase-ios-sdk" */ = {
			isa = XCRemoteSwiftPackageReference;
			repositoryURL = "https://github.com/firebase/firebase-ios-sdk";
			requirement = {
				kind = upToNextMajorVersion;
				minimumVersion = 10.28.0;
			};
		};
/* End XCRemoteSwiftPackageReference section */

/* Begin XCSwiftPackageProductDependency section */
		FE6F23422C2989C200638FE2 /* FirebaseAuth */ = {
			isa = XCSwiftPackageProductDependency;
			package = FE6F23412C2989C200638FE2 /* XCRemoteSwiftPackageReference "firebase-ios-sdk" */;
			productName = FirebaseAuth;
		};
		FE6F23442C2989C200638FE2 /* FirebaseDatabase */ = {
			isa = XCSwiftPackageProductDependency;
			package = FE6F23412C2989C200638FE2 /* XCRemoteSwiftPackageReference "firebase-ios-sdk" */;
			productName = FirebaseDatabase;
		};
		FE6F23462C2989C200638FE2 /* FirebaseDatabaseSwift */ = {
			isa = XCSwiftPackageProductDependency;
			package = FE6F23412C2989C200638FE2 /* XCRemoteSwiftPackageReference "firebase-ios-sdk" */;
			productName = FirebaseDatabaseSwift;
		};
		FE6F23482C2989C200638FE2 /* FirebaseFirestoreSwift */ = {
			isa = XCSwiftPackageProductDependency;
			package = FE6F23412C2989C200638FE2 /* XCRemoteSwiftPackageReference "firebase-ios-sdk" */;
			productName = FirebaseFirestoreSwift;
		};
/* End XCSwiftPackageProductDependency section */
	};
	rootObject = FEDDF88C2C2738030001ADD8 /* Project object */;
}
